
Microsoft Visual Studio Solution File, Format Version 12.00
# Visual Studio Version 17
VisualStudioVersion = 17.1.32407.343
MinimumVisualStudioVersion = 10.0.40219.1
Project("{2150E333-8FDC-42A3-9474-1A3956D46DE8}") = "src", "src", "{652D2DFD-B030-49D2-8989-5915FAF5A552}"
EndProject
Project("{2150E333-8FDC-42A3-9474-1A3956D46DE8}") = "ApiGateway", "ApiGateway", "{AEDAD9E6-BC18-4A91-BBFB-D6BA314AF410}"
EndProject
Project("{2150E333-8FDC-42A3-9474-1A3956D46DE8}") = "BuildingBlocks", "BuildingBlocks", "{2438F509-18B8-441F-9B0D-C0EBE081BF19}"
EndProject
Project("{2150E333-8FDC-42A3-9474-1A3956D46DE8}") = "Services", "Services", "{B9F66200-B471-4B35-BE94-100026028138}"
EndProject
Project("{2150E333-8FDC-42A3-9474-1A3956D46DE8}") = "WebApp", "WebApp", "{0F042741-3737-4FE3-BDFE-F9F6C30088FF}"
EndProject
Project("{2150E333-8FDC-42A3-9474-1A3956D46DE8}") = "tests", "tests", "{0267E370-8E3F-43C4-A206-7F7FDA153312}"
EndProject
Project("{2150E333-8FDC-42A3-9474-1A3956D46DE8}") = "ServiceTests", "ServiceTests", "{86F6B589-5191-4C0A-BF3B-DADBB787BFC4}"
EndProject
Project("{9A19103F-16F7-4668-BE54-9A1E7A4F7556}") = "Octopus.FunctionalTests", "Tests\Octopus.FunctionalTests\Octopus.FunctionalTests.csproj", "{E876CE20-A2DF-48DF-8151-E12EBF2DDD26}"
EndProject
Project("{2150E333-8FDC-42A3-9474-1A3956D46DE8}") = "Common", "Common", "{6857041F-BC99-4D59-9642-E5034B97244F}"
EndProject
Project("{9A19103F-16F7-4668-BE54-9A1E7A4F7556}") = "Common.Models", "BuildingBlocks\Common\Common.Models\Common.Models.csproj", "{45CF00F0-D5B6-49F5-8442-17A7C90AF26A}"
EndProject
Project("{2150E333-8FDC-42A3-9474-1A3956D46DE8}") = "DynamicEntity", "DynamicEntity", "{26480D8D-BDC7-44C1-A886-3A06AA072F95}"
EndProject
Project("{2150E333-8FDC-42A3-9474-1A3956D46DE8}") = "tests", "tests", "{69A25804-31F2-47CC-9EF8-EA4F376A0BF6}"
EndProject
Project("{9A19103F-16F7-4668-BE54-9A1E7A4F7556}") = "DynamicEntity", "BuildingBlocks\DynamicEntity\DynamicEntity\DynamicEntity.csproj", "{135871AE-DE15-4610-930E-24EEB0FE6A56}"
EndProject
Project("{9A19103F-16F7-4668-BE54-9A1E7A4F7556}") = "DynamicEntity.Tests", "BuildingBlocks\DynamicEntity\DynamicEntity.Tests\DynamicEntity.Tests.csproj", "{4DA37D8E-B24C-43E4-95CC-902353BCE2FA}"
EndProject
Global
	GlobalSection(SolutionConfigurationPlatforms) = preSolution
		Debug|Any CPU = Debug|Any CPU
		Release|Any CPU = Release|Any CPU
	EndGlobalSection
	GlobalSection(ProjectConfigurationPlatforms) = postSolution
		{E876CE20-A2DF-48DF-8151-E12EBF2DDD26}.Debug|Any CPU.ActiveCfg = Debug|Any CPU
		{E876CE20-A2DF-48DF-8151-E12EBF2DDD26}.Debug|Any CPU.Build.0 = Debug|Any CPU
		{E876CE20-A2DF-48DF-8151-E12EBF2DDD26}.Release|Any CPU.ActiveCfg = Release|Any CPU
		{E876CE20-A2DF-48DF-8151-E12EBF2DDD26}.Release|Any CPU.Build.0 = Release|Any CPU
		{45CF00F0-D5B6-49F5-8442-17A7C90AF26A}.Debug|Any CPU.ActiveCfg = Debug|Any CPU
		{45CF00F0-D5B6-49F5-8442-17A7C90AF26A}.Debug|Any CPU.Build.0 = Debug|Any CPU
		{45CF00F0-D5B6-49F5-8442-17A7C90AF26A}.Release|Any CPU.ActiveCfg = Release|Any CPU
		{45CF00F0-D5B6-49F5-8442-17A7C90AF26A}.Release|Any CPU.Build.0 = Release|Any CPU
		{135871AE-DE15-4610-930E-24EEB0FE6A56}.Debug|Any CPU.ActiveCfg = Debug|Any CPU
		{135871AE-DE15-4610-930E-24EEB0FE6A56}.Debug|Any CPU.Build.0 = Debug|Any CPU
		{135871AE-DE15-4610-930E-24EEB0FE6A56}.Release|Any CPU.ActiveCfg = Release|Any CPU
		{135871AE-DE15-4610-930E-24EEB0FE6A56}.Release|Any CPU.Build.0 = Release|Any CPU
		{4DA37D8E-B24C-43E4-95CC-902353BCE2FA}.Debug|Any CPU.ActiveCfg = Debug|Any CPU
		{4DA37D8E-B24C-43E4-95CC-902353BCE2FA}.Debug|Any CPU.Build.0 = Debug|Any CPU
		{4DA37D8E-B24C-43E4-95CC-902353BCE2FA}.Release|Any CPU.ActiveCfg = Release|Any CPU
		{4DA37D8E-B24C-43E4-95CC-902353BCE2FA}.Release|Any CPU.Build.0 = Release|Any CPU
	EndGlobalSection
	GlobalSection(SolutionProperties) = preSolution
		HideSolutionNode = FALSE
	EndGlobalSection
	GlobalSection(NestedProjects) = preSolution
		{AEDAD9E6-BC18-4A91-BBFB-D6BA314AF410} = {652D2DFD-B030-49D2-8989-5915FAF5A552}
		{2438F509-18B8-441F-9B0D-C0EBE081BF19} = {652D2DFD-B030-49D2-8989-5915FAF5A552}
		{B9F66200-B471-4B35-BE94-100026028138} = {652D2DFD-B030-49D2-8989-5915FAF5A552}
		{0F042741-3737-4FE3-BDFE-F9F6C30088FF} = {652D2DFD-B030-49D2-8989-5915FAF5A552}
		{86F6B589-5191-4C0A-BF3B-DADBB787BFC4} = {0267E370-8E3F-43C4-A206-7F7FDA153312}
		{E876CE20-A2DF-48DF-8151-E12EBF2DDD26} = {86F6B589-5191-4C0A-BF3B-DADBB787BFC4}
		{6857041F-BC99-4D59-9642-E5034B97244F} = {2438F509-18B8-441F-9B0D-C0EBE081BF19}
		{45CF00F0-D5B6-49F5-8442-17A7C90AF26A} = {6857041F-BC99-4D59-9642-E5034B97244F}
		{26480D8D-BDC7-44C1-A886-3A06AA072F95} = {2438F509-18B8-441F-9B0D-C0EBE081BF19}
		{69A25804-31F2-47CC-9EF8-EA4F376A0BF6} = {26480D8D-BDC7-44C1-A886-3A06AA072F95}
		{135871AE-DE15-4610-930E-24EEB0FE6A56} = {26480D8D-BDC7-44C1-A886-3A06AA072F95}
		{4DA37D8E-B24C-43E4-95CC-902353BCE2FA} = {69A25804-31F2-47CC-9EF8-EA4F376A0BF6}
	EndGlobalSection
	GlobalSection(ExtensibilityGlobals) = postSolution
		SolutionGuid = {A1D8A799-6830-44E5-8C2F-8F5989F2E060}
	EndGlobalSection
EndGlobal
