
Microsoft Visual Studio Solution File, Format Version 12.00
# Visual Studio Version 17
VisualStudioVersion = 17.1.32407.343
MinimumVisualStudioVersion = 10.0.40219.1
Project("{2150E333-8FDC-42A3-9474-1A3956D46DE8}") = "src", "src", "{652D2DFD-B030-49D2-8989-5915FAF5A552}"
EndProject
Project("{2150E333-8FDC-42A3-9474-1A3956D46DE8}") = "ApiGateway", "ApiGateway", "{AEDAD9E6-BC18-4A91-BBFB-D6BA314AF410}"
EndProject
Project("{2150E333-8FDC-42A3-9474-1A3956D46DE8}") = "BuildingBlocks", "BuildingBlocks", "{2438F509-18B8-441F-9B0D-C0EBE081BF19}"
EndProject
Project("{2150E333-8FDC-42A3-9474-1A3956D46DE8}") = "Services", "Services", "{B9F66200-B471-4B35-BE94-100026028138}"
EndProject
Project("{2150E333-8FDC-42A3-9474-1A3956D46DE8}") = "WebApp", "WebApp", "{0F042741-3737-4FE3-BDFE-F9F6C30088FF}"
EndProject
Project("{2150E333-8FDC-42A3-9474-1A3956D46DE8}") = "tests", "tests", "{0267E370-8E3F-43C4-A206-7F7FDA153312}"
EndProject
Project("{2150E333-8FDC-42A3-9474-1A3956D46DE8}") = "ServiceTests", "ServiceTests", "{86F6B589-5191-4C0A-BF3B-DADBB787BFC4}"
EndProject
Project("{9A19103F-16F7-4668-BE54-9A1E7A4F7556}") = "Octopus.FunctionalTests", "Tests\Octopus.FunctionalTests\Octopus.FunctionalTests.csproj", "{E876CE20-A2DF-48DF-8151-E12EBF2DDD26}"
EndProject
Project("{2150E333-8FDC-42A3-9474-1A3956D46DE8}") = "Common", "Common", "{6857041F-BC99-4D59-9642-E5034B97244F}"
EndProject
Project("{9A19103F-16F7-4668-BE54-9A1E7A4F7556}") = "Common.Models", "BuildingBlocks\Common\Common.Models\Common.Models.csproj", "{45CF00F0-D5B6-49F5-8442-17A7C90AF26A}"
EndProject
Project("{2150E333-8FDC-42A3-9474-1A3956D46DE8}") = "DynamicEntity", "DynamicEntity", "{26480D8D-BDC7-44C1-A886-3A06AA072F95}"
EndProject
Project("{2150E333-8FDC-42A3-9474-1A3956D46DE8}") = "tests", "tests", "{69A25804-31F2-47CC-9EF8-EA4F376A0BF6}"
EndProject
Project("{9A19103F-16F7-4668-BE54-9A1E7A4F7556}") = "DynamicEntity", "BuildingBlocks\DynamicEntity\DynamicEntity\DynamicEntity.csproj", "{135871AE-DE15-4610-930E-24EEB0FE6A56}"
EndProject
Project("{9A19103F-16F7-4668-BE54-9A1E7A4F7556}") = "DynamicEntity.Tests", "BuildingBlocks\DynamicEntity\DynamicEntity.Tests\DynamicEntity.Tests.csproj", "{4DA37D8E-B24C-43E4-95CC-902353BCE2FA}"
EndProject
Project("{2150E333-8FDC-42A3-9474-1A3956D46DE8}") = "Repositories", "Repositories", "{0933B1AE-AEE6-4AE7-BA49-451B5B7BD181}"
EndProject
Project("{9A19103F-16F7-4668-BE54-9A1E7A4F7556}") = "Repository.Base", "BuildingBlocks\Repositories\Repository.Base\Repository.Base.csproj", "{AFCADE8C-A440-4302-B9E3-8CA527E67B1E}"
EndProject
Project("{9A19103F-16F7-4668-BE54-9A1E7A4F7556}") = "Repository.MongoDb", "BuildingBlocks\Repositories\Repository.MongoDb\Repository.MongoDb.csproj", "{DCEE5838-EE24-4656-985A-D86A7A9D85B6}"
EndProject
Project("{2150E333-8FDC-42A3-9474-1A3956D46DE8}") = "tests", "tests", "{6857C6C6-3F94-46D2-8491-B3AF3E2191DE}"
EndProject
Project("{9A19103F-16F7-4668-BE54-9A1E7A4F7556}") = "Repositories.Tests", "BuildingBlocks\Repositories\Repositories.Tests\Repositories.Tests.csproj", "{F136AE8E-0481-4CDE-AAD8-A5DC233728A9}"
EndProject
Project("{2150E333-8FDC-42A3-9474-1A3956D46DE8}") = "EventBus", "EventBus", "{B340EF87-E96D-4D5A-8624-43162F53D234}"
EndProject
Project("{9A19103F-16F7-4668-BE54-9A1E7A4F7556}") = "Contracts", "BuildingBlocks\EventBus\Contracts\Contracts.csproj", "{5E62746B-D72C-4ACF-B51B-5CD493B26DB8}"
EndProject
Project("{2150E333-8FDC-42A3-9474-1A3956D46DE8}") = "Loader", "Loader", "{50C31ABF-20B3-402A-931B-D2708B002553}"
EndProject
Project("{2150E333-8FDC-42A3-9474-1A3956D46DE8}") = "Core", "Core", "{580A241E-5CC2-4EE6-BD4A-8153DFD102C6}"
EndProject
Project("{2150E333-8FDC-42A3-9474-1A3956D46DE8}") = "Infrastructure", "Infrastructure", "{3DC2A49F-4E5A-4FD6-B1FE-89054104C1A5}"
EndProject
Project("{2150E333-8FDC-42A3-9474-1A3956D46DE8}") = "Presentation", "Presentation", "{65CDB49E-73EB-470C-A032-3725D1621D73}"
EndProject
Project("{2150E333-8FDC-42A3-9474-1A3956D46DE8}") = "Api", "Api", "{0168BC34-2712-4C95-9915-5A49D7004539}"
EndProject
Project("{2150E333-8FDC-42A3-9474-1A3956D46DE8}") = "BackgroundTasks", "BackgroundTasks", "{6509B47F-987D-4633-B5DA-8BFD5E753DD6}"
EndProject
Project("{9A19103F-16F7-4668-BE54-9A1E7A4F7556}") = "Loader.Core.Application", "Services\Loader\Api\Core\Loader.Core.Application\Loader.Core.Application.csproj", "{E203BB6E-8273-4B9E-98CF-22AB5B73DCE5}"
EndProject
Project("{9A19103F-16F7-4668-BE54-9A1E7A4F7556}") = "Loader.Core.Domain", "Services\Loader\Api\Core\Loader.Core.Domain\Loader.Core.Domain.csproj", "{ECE8AAA4-19BE-4B27-A323-45578E0B7714}"
EndProject
Project("{9A19103F-16F7-4668-BE54-9A1E7A4F7556}") = "Loader.Presentation.WebApi", "Services\Loader\Api\Presentation\Loader.Presentation.WebApi\Loader.Presentation.WebApi.csproj", "{34924AAF-3A98-4DB7-954F-78AA29D2D473}"
EndProject
Project("{2150E333-8FDC-42A3-9474-1A3956D46DE8}") = "Tests", "Tests", "{D472524C-05C6-43DB-A4A4-CB83F962A6CF}"
EndProject
Project("{9A19103F-16F7-4668-BE54-9A1E7A4F7556}") = "Loader.UnitTests", "Services\Loader\Tests\Loader.UnitTests\Loader.UnitTests.csproj", "{3466E68E-3274-4F9D-BC55-DCE80FBBA054}"
EndProject
Project("{9A19103F-16F7-4668-BE54-9A1E7A4F7556}") = "Loader.FunctionalTests", "Services\Loader\Tests\Loader.FunctionalTests\Loader.FunctionalTests.csproj", "{30A62629-D98A-4C67-A224-3F1A36AE503E}"
EndProject
Project("{2150E333-8FDC-42A3-9474-1A3956D46DE8}") = "Parser", "Parser", "{2759F21D-9CF9-4DB3-AE17-8FFFAED9E452}"
EndProject
Project("{2150E333-8FDC-42A3-9474-1A3956D46DE8}") = "Core", "Core", "{BB1BF315-77BB-491C-A199-73AD15C0AE07}"
EndProject
Project("{2150E333-8FDC-42A3-9474-1A3956D46DE8}") = "Infrastructure", "Infrastructure", "{E9018650-5365-48F8-A2C7-B85607617A45}"
EndProject
Project("{2150E333-8FDC-42A3-9474-1A3956D46DE8}") = "Presentation", "Presentation", "{9074EEAB-FB74-4A47-8B76-34C81BB55A24}"
EndProject
Project("{2150E333-8FDC-42A3-9474-1A3956D46DE8}") = "Api", "Api", "{00B1EF7D-9580-4D51-A3E2-E56114519B51}"
EndProject
Project("{2150E333-8FDC-42A3-9474-1A3956D46DE8}") = "BackgroundTasks", "BackgroundTasks", "{D493168A-9CD1-4A4A-8E51-D204EDAD0CA8}"
EndProject
Project("{2150E333-8FDC-42A3-9474-1A3956D46DE8}") = "Tests", "Tests", "{B074646B-DEE6-4E98-A852-F27021FE0FA6}"
EndProject
Project("{9A19103F-16F7-4668-BE54-9A1E7A4F7556}") = "Parser.Core.Application", "Services\Parser\Api\Core\Parser.Core.Application\Parser.Core.Application.csproj", "{03C64A99-79AC-4B78-896F-7A8B784A1C03}"
EndProject
Project("{9A19103F-16F7-4668-BE54-9A1E7A4F7556}") = "Parser.Core.Domain", "Services\Parser\Api\Core\Parser.Core.Domain\Parser.Core.Domain.csproj", "{D498C392-A991-46BF-891A-B9B4DAB106AF}"
EndProject
Project("{9A19103F-16F7-4668-BE54-9A1E7A4F7556}") = "Parser.Presentation.WebApi", "Services\Parser\Api\Presentation\Parser.Presentation.WebApi\Parser.Presentation.WebApi.csproj", "{F75E6CD5-7B1E-4FFA-897C-13A5B745E387}"
EndProject
Project("{9A19103F-16F7-4668-BE54-9A1E7A4F7556}") = "Parser.FunctionalTests", "Services\Parser\Tests\Parser.FunctionalTests\Parser.FunctionalTests.csproj", "{77D71432-E771-40C9-8EBE-9FB8E313A637}"
EndProject
Project("{9A19103F-16F7-4668-BE54-9A1E7A4F7556}") = "Parser.UnitTests", "Services\Parser\Tests\Parser.UnitTests\Parser.UnitTests.csproj", "{B99D013E-F741-4DFD-AAE8-6F8AC4413E88}"
EndProject
Project("{2150E333-8FDC-42A3-9474-1A3956D46DE8}") = "Conductor", "Conductor", "{2EB65F62-D52E-4AE7-BE01-44FF4E72895A}"
EndProject
Project("{2150E333-8FDC-42A3-9474-1A3956D46DE8}") = "Api", "Api", "{247D5BF8-42E6-4AB5-BA9C-7FE679A8EE6D}"
EndProject
Project("{2150E333-8FDC-42A3-9474-1A3956D46DE8}") = "BackgroundTasks", "BackgroundTasks", "{C0BC7AFE-4FDD-405F-90BB-3EAD6EAC5585}"
EndProject
Project("{2150E333-8FDC-42A3-9474-1A3956D46DE8}") = "Tests", "Tests", "{4A092E02-9E7A-47E5-BFAE-03E8DEE06225}"
EndProject
Project("{2150E333-8FDC-42A3-9474-1A3956D46DE8}") = "Core", "Core", "{6FDAC4B0-F432-4B42-86FD-FB40EDED3300}"
EndProject
Project("{2150E333-8FDC-42A3-9474-1A3956D46DE8}") = "Infrastructure", "Infrastructure", "{B2953F67-BFD9-48EE-A8D3-8F8EB1B029DB}"
EndProject
Project("{2150E333-8FDC-42A3-9474-1A3956D46DE8}") = "Presentation", "Presentation", "{C78E2C24-D05C-47C9-9741-E83D4F69DC80}"
EndProject
Project("{FAE04EC0-301F-11D3-BF4B-00C04F79EFBC}") = "Conductor.Core.Domain", "Services\Conductor\Api\Core\Conductor.Core.Domain\Conductor.Core.Domain.csproj", "{7B26E0EE-72B3-4B64-8160-D8B587154F52}"
EndProject
Project("{FAE04EC0-301F-11D3-BF4B-00C04F79EFBC}") = "Conductor.Core.Application", "Services\Conductor\Api\Core\Conductor.Core.Application\Conductor.Core.Application.csproj", "{235A9BF9-9199-4A08-A67B-602AAC302C3C}"
EndProject
Project("{FAE04EC0-301F-11D3-BF4B-00C04F79EFBC}") = "Conductor.Presentation.WebApi", "Services\Conductor\Api\Presentation\Conductor.Presentation.WebApi\Conductor.Presentation.WebApi.csproj", "{C2ECA14B-A6E9-41E7-8C34-AD803E46F7E7}"
EndProject
Project("{FAE04EC0-301F-11D3-BF4B-00C04F79EFBC}") = "Conductor.FunctionalTests", "Services\Conductor\Tests\Conductor.FunctionalTests\Conductor.FunctionalTests.csproj", "{A9A85F31-8688-4FC8-9BC2-28B6FE48CE1B}"
EndProject
Project("{FAE04EC0-301F-11D3-BF4B-00C04F79EFBC}") = "Conductor.UnitTests", "Services\Conductor\Tests\Conductor.UnitTests\Conductor.UnitTests.csproj", "{DBD2D88A-CADF-4FBF-9F78-D69C487500D5}"
EndProject
Global
	GlobalSection(SolutionConfigurationPlatforms) = preSolution
		Debug|Any CPU = Debug|Any CPU
		Release|Any CPU = Release|Any CPU
	EndGlobalSection
	GlobalSection(ProjectConfigurationPlatforms) = postSolution
		{E876CE20-A2DF-48DF-8151-E12EBF2DDD26}.Debug|Any CPU.ActiveCfg = Debug|Any CPU
		{E876CE20-A2DF-48DF-8151-E12EBF2DDD26}.Debug|Any CPU.Build.0 = Debug|Any CPU
		{E876CE20-A2DF-48DF-8151-E12EBF2DDD26}.Release|Any CPU.ActiveCfg = Release|Any CPU
		{E876CE20-A2DF-48DF-8151-E12EBF2DDD26}.Release|Any CPU.Build.0 = Release|Any CPU
		{45CF00F0-D5B6-49F5-8442-17A7C90AF26A}.Debug|Any CPU.ActiveCfg = Debug|Any CPU
		{45CF00F0-D5B6-49F5-8442-17A7C90AF26A}.Debug|Any CPU.Build.0 = Debug|Any CPU
		{45CF00F0-D5B6-49F5-8442-17A7C90AF26A}.Release|Any CPU.ActiveCfg = Release|Any CPU
		{45CF00F0-D5B6-49F5-8442-17A7C90AF26A}.Release|Any CPU.Build.0 = Release|Any CPU
		{135871AE-DE15-4610-930E-24EEB0FE6A56}.Debug|Any CPU.ActiveCfg = Debug|Any CPU
		{135871AE-DE15-4610-930E-24EEB0FE6A56}.Debug|Any CPU.Build.0 = Debug|Any CPU
		{135871AE-DE15-4610-930E-24EEB0FE6A56}.Release|Any CPU.ActiveCfg = Release|Any CPU
		{135871AE-DE15-4610-930E-24EEB0FE6A56}.Release|Any CPU.Build.0 = Release|Any CPU
		{4DA37D8E-B24C-43E4-95CC-902353BCE2FA}.Debug|Any CPU.ActiveCfg = Debug|Any CPU
		{4DA37D8E-B24C-43E4-95CC-902353BCE2FA}.Debug|Any CPU.Build.0 = Debug|Any CPU
		{4DA37D8E-B24C-43E4-95CC-902353BCE2FA}.Release|Any CPU.ActiveCfg = Release|Any CPU
		{4DA37D8E-B24C-43E4-95CC-902353BCE2FA}.Release|Any CPU.Build.0 = Release|Any CPU
		{AFCADE8C-A440-4302-B9E3-8CA527E67B1E}.Debug|Any CPU.ActiveCfg = Debug|Any CPU
		{AFCADE8C-A440-4302-B9E3-8CA527E67B1E}.Debug|Any CPU.Build.0 = Debug|Any CPU
		{AFCADE8C-A440-4302-B9E3-8CA527E67B1E}.Release|Any CPU.ActiveCfg = Release|Any CPU
		{AFCADE8C-A440-4302-B9E3-8CA527E67B1E}.Release|Any CPU.Build.0 = Release|Any CPU
		{DCEE5838-EE24-4656-985A-D86A7A9D85B6}.Debug|Any CPU.ActiveCfg = Debug|Any CPU
		{DCEE5838-EE24-4656-985A-D86A7A9D85B6}.Debug|Any CPU.Build.0 = Debug|Any CPU
		{DCEE5838-EE24-4656-985A-D86A7A9D85B6}.Release|Any CPU.ActiveCfg = Release|Any CPU
		{DCEE5838-EE24-4656-985A-D86A7A9D85B6}.Release|Any CPU.Build.0 = Release|Any CPU
		{F136AE8E-0481-4CDE-AAD8-A5DC233728A9}.Debug|Any CPU.ActiveCfg = Debug|Any CPU
		{F136AE8E-0481-4CDE-AAD8-A5DC233728A9}.Debug|Any CPU.Build.0 = Debug|Any CPU
		{F136AE8E-0481-4CDE-AAD8-A5DC233728A9}.Release|Any CPU.ActiveCfg = Release|Any CPU
		{F136AE8E-0481-4CDE-AAD8-A5DC233728A9}.Release|Any CPU.Build.0 = Release|Any CPU
		{5E62746B-D72C-4ACF-B51B-5CD493B26DB8}.Debug|Any CPU.ActiveCfg = Debug|Any CPU
		{5E62746B-D72C-4ACF-B51B-5CD493B26DB8}.Debug|Any CPU.Build.0 = Debug|Any CPU
		{5E62746B-D72C-4ACF-B51B-5CD493B26DB8}.Release|Any CPU.ActiveCfg = Release|Any CPU
		{5E62746B-D72C-4ACF-B51B-5CD493B26DB8}.Release|Any CPU.Build.0 = Release|Any CPU
		{E203BB6E-8273-4B9E-98CF-22AB5B73DCE5}.Debug|Any CPU.ActiveCfg = Debug|Any CPU
		{E203BB6E-8273-4B9E-98CF-22AB5B73DCE5}.Debug|Any CPU.Build.0 = Debug|Any CPU
		{E203BB6E-8273-4B9E-98CF-22AB5B73DCE5}.Release|Any CPU.ActiveCfg = Release|Any CPU
		{E203BB6E-8273-4B9E-98CF-22AB5B73DCE5}.Release|Any CPU.Build.0 = Release|Any CPU
		{ECE8AAA4-19BE-4B27-A323-45578E0B7714}.Debug|Any CPU.ActiveCfg = Debug|Any CPU
		{ECE8AAA4-19BE-4B27-A323-45578E0B7714}.Debug|Any CPU.Build.0 = Debug|Any CPU
		{ECE8AAA4-19BE-4B27-A323-45578E0B7714}.Release|Any CPU.ActiveCfg = Release|Any CPU
		{ECE8AAA4-19BE-4B27-A323-45578E0B7714}.Release|Any CPU.Build.0 = Release|Any CPU
		{34924AAF-3A98-4DB7-954F-78AA29D2D473}.Debug|Any CPU.ActiveCfg = Debug|Any CPU
		{34924AAF-3A98-4DB7-954F-78AA29D2D473}.Debug|Any CPU.Build.0 = Debug|Any CPU
		{34924AAF-3A98-4DB7-954F-78AA29D2D473}.Release|Any CPU.ActiveCfg = Release|Any CPU
		{34924AAF-3A98-4DB7-954F-78AA29D2D473}.Release|Any CPU.Build.0 = Release|Any CPU
		{3466E68E-3274-4F9D-BC55-DCE80FBBA054}.Debug|Any CPU.ActiveCfg = Debug|Any CPU
		{3466E68E-3274-4F9D-BC55-DCE80FBBA054}.Debug|Any CPU.Build.0 = Debug|Any CPU
		{3466E68E-3274-4F9D-BC55-DCE80FBBA054}.Release|Any CPU.ActiveCfg = Release|Any CPU
		{3466E68E-3274-4F9D-BC55-DCE80FBBA054}.Release|Any CPU.Build.0 = Release|Any CPU
		{30A62629-D98A-4C67-A224-3F1A36AE503E}.Debug|Any CPU.ActiveCfg = Debug|Any CPU
		{30A62629-D98A-4C67-A224-3F1A36AE503E}.Debug|Any CPU.Build.0 = Debug|Any CPU
		{30A62629-D98A-4C67-A224-3F1A36AE503E}.Release|Any CPU.ActiveCfg = Release|Any CPU
		{30A62629-D98A-4C67-A224-3F1A36AE503E}.Release|Any CPU.Build.0 = Release|Any CPU
		{03C64A99-79AC-4B78-896F-7A8B784A1C03}.Debug|Any CPU.ActiveCfg = Debug|Any CPU
		{03C64A99-79AC-4B78-896F-7A8B784A1C03}.Debug|Any CPU.Build.0 = Debug|Any CPU
		{03C64A99-79AC-4B78-896F-7A8B784A1C03}.Release|Any CPU.ActiveCfg = Release|Any CPU
		{03C64A99-79AC-4B78-896F-7A8B784A1C03}.Release|Any CPU.Build.0 = Release|Any CPU
		{D498C392-A991-46BF-891A-B9B4DAB106AF}.Debug|Any CPU.ActiveCfg = Debug|Any CPU
		{D498C392-A991-46BF-891A-B9B4DAB106AF}.Debug|Any CPU.Build.0 = Debug|Any CPU
		{D498C392-A991-46BF-891A-B9B4DAB106AF}.Release|Any CPU.ActiveCfg = Release|Any CPU
		{D498C392-A991-46BF-891A-B9B4DAB106AF}.Release|Any CPU.Build.0 = Release|Any CPU
		{F75E6CD5-7B1E-4FFA-897C-13A5B745E387}.Debug|Any CPU.ActiveCfg = Debug|Any CPU
		{F75E6CD5-7B1E-4FFA-897C-13A5B745E387}.Debug|Any CPU.Build.0 = Debug|Any CPU
		{F75E6CD5-7B1E-4FFA-897C-13A5B745E387}.Release|Any CPU.ActiveCfg = Release|Any CPU
		{F75E6CD5-7B1E-4FFA-897C-13A5B745E387}.Release|Any CPU.Build.0 = Release|Any CPU
		{77D71432-E771-40C9-8EBE-9FB8E313A637}.Debug|Any CPU.ActiveCfg = Debug|Any CPU
		{77D71432-E771-40C9-8EBE-9FB8E313A637}.Debug|Any CPU.Build.0 = Debug|Any CPU
		{77D71432-E771-40C9-8EBE-9FB8E313A637}.Release|Any CPU.ActiveCfg = Release|Any CPU
		{77D71432-E771-40C9-8EBE-9FB8E313A637}.Release|Any CPU.Build.0 = Release|Any CPU
		{B99D013E-F741-4DFD-AAE8-6F8AC4413E88}.Debug|Any CPU.ActiveCfg = Debug|Any CPU
		{B99D013E-F741-4DFD-AAE8-6F8AC4413E88}.Debug|Any CPU.Build.0 = Debug|Any CPU
		{B99D013E-F741-4DFD-AAE8-6F8AC4413E88}.Release|Any CPU.ActiveCfg = Release|Any CPU
		{B99D013E-F741-4DFD-AAE8-6F8AC4413E88}.Release|Any CPU.Build.0 = Release|Any CPU
		{7B26E0EE-72B3-4B64-8160-D8B587154F52}.Debug|Any CPU.ActiveCfg = Debug|Any CPU
		{7B26E0EE-72B3-4B64-8160-D8B587154F52}.Debug|Any CPU.Build.0 = Debug|Any CPU
		{7B26E0EE-72B3-4B64-8160-D8B587154F52}.Release|Any CPU.ActiveCfg = Release|Any CPU
		{7B26E0EE-72B3-4B64-8160-D8B587154F52}.Release|Any CPU.Build.0 = Release|Any CPU
		{235A9BF9-9199-4A08-A67B-602AAC302C3C}.Debug|Any CPU.ActiveCfg = Debug|Any CPU
		{235A9BF9-9199-4A08-A67B-602AAC302C3C}.Debug|Any CPU.Build.0 = Debug|Any CPU
		{235A9BF9-9199-4A08-A67B-602AAC302C3C}.Release|Any CPU.ActiveCfg = Release|Any CPU
		{235A9BF9-9199-4A08-A67B-602AAC302C3C}.Release|Any CPU.Build.0 = Release|Any CPU
		{C2ECA14B-A6E9-41E7-8C34-AD803E46F7E7}.Debug|Any CPU.ActiveCfg = Debug|Any CPU
		{C2ECA14B-A6E9-41E7-8C34-AD803E46F7E7}.Debug|Any CPU.Build.0 = Debug|Any CPU
		{C2ECA14B-A6E9-41E7-8C34-AD803E46F7E7}.Release|Any CPU.ActiveCfg = Release|Any CPU
		{C2ECA14B-A6E9-41E7-8C34-AD803E46F7E7}.Release|Any CPU.Build.0 = Release|Any CPU
		{A9A85F31-8688-4FC8-9BC2-28B6FE48CE1B}.Debug|Any CPU.ActiveCfg = Debug|Any CPU
		{A9A85F31-8688-4FC8-9BC2-28B6FE48CE1B}.Debug|Any CPU.Build.0 = Debug|Any CPU
		{A9A85F31-8688-4FC8-9BC2-28B6FE48CE1B}.Release|Any CPU.ActiveCfg = Release|Any CPU
		{A9A85F31-8688-4FC8-9BC2-28B6FE48CE1B}.Release|Any CPU.Build.0 = Release|Any CPU
		{DBD2D88A-CADF-4FBF-9F78-D69C487500D5}.Debug|Any CPU.ActiveCfg = Debug|Any CPU
		{DBD2D88A-CADF-4FBF-9F78-D69C487500D5}.Debug|Any CPU.Build.0 = Debug|Any CPU
		{DBD2D88A-CADF-4FBF-9F78-D69C487500D5}.Release|Any CPU.ActiveCfg = Release|Any CPU
		{DBD2D88A-CADF-4FBF-9F78-D69C487500D5}.Release|Any CPU.Build.0 = Release|Any CPU
	EndGlobalSection
	GlobalSection(SolutionProperties) = preSolution
		HideSolutionNode = FALSE
	EndGlobalSection
	GlobalSection(NestedProjects) = preSolution
		{AEDAD9E6-BC18-4A91-BBFB-D6BA314AF410} = {652D2DFD-B030-49D2-8989-5915FAF5A552}
		{2438F509-18B8-441F-9B0D-C0EBE081BF19} = {652D2DFD-B030-49D2-8989-5915FAF5A552}
		{B9F66200-B471-4B35-BE94-100026028138} = {652D2DFD-B030-49D2-8989-5915FAF5A552}
		{0F042741-3737-4FE3-BDFE-F9F6C30088FF} = {652D2DFD-B030-49D2-8989-5915FAF5A552}
		{86F6B589-5191-4C0A-BF3B-DADBB787BFC4} = {0267E370-8E3F-43C4-A206-7F7FDA153312}
		{E876CE20-A2DF-48DF-8151-E12EBF2DDD26} = {86F6B589-5191-4C0A-BF3B-DADBB787BFC4}
		{6857041F-BC99-4D59-9642-E5034B97244F} = {2438F509-18B8-441F-9B0D-C0EBE081BF19}
		{45CF00F0-D5B6-49F5-8442-17A7C90AF26A} = {6857041F-BC99-4D59-9642-E5034B97244F}
		{26480D8D-BDC7-44C1-A886-3A06AA072F95} = {2438F509-18B8-441F-9B0D-C0EBE081BF19}
		{69A25804-31F2-47CC-9EF8-EA4F376A0BF6} = {26480D8D-BDC7-44C1-A886-3A06AA072F95}
		{135871AE-DE15-4610-930E-24EEB0FE6A56} = {26480D8D-BDC7-44C1-A886-3A06AA072F95}
		{4DA37D8E-B24C-43E4-95CC-902353BCE2FA} = {69A25804-31F2-47CC-9EF8-EA4F376A0BF6}
		{0933B1AE-AEE6-4AE7-BA49-451B5B7BD181} = {2438F509-18B8-441F-9B0D-C0EBE081BF19}
		{AFCADE8C-A440-4302-B9E3-8CA527E67B1E} = {0933B1AE-AEE6-4AE7-BA49-451B5B7BD181}
		{DCEE5838-EE24-4656-985A-D86A7A9D85B6} = {0933B1AE-AEE6-4AE7-BA49-451B5B7BD181}
		{6857C6C6-3F94-46D2-8491-B3AF3E2191DE} = {0933B1AE-AEE6-4AE7-BA49-451B5B7BD181}
		{F136AE8E-0481-4CDE-AAD8-A5DC233728A9} = {6857C6C6-3F94-46D2-8491-B3AF3E2191DE}
		{B340EF87-E96D-4D5A-8624-43162F53D234} = {2438F509-18B8-441F-9B0D-C0EBE081BF19}
		{5E62746B-D72C-4ACF-B51B-5CD493B26DB8} = {B340EF87-E96D-4D5A-8624-43162F53D234}
		{50C31ABF-20B3-402A-931B-D2708B002553} = {B9F66200-B471-4B35-BE94-100026028138}
		{580A241E-5CC2-4EE6-BD4A-8153DFD102C6} = {0168BC34-2712-4C95-9915-5A49D7004539}
		{3DC2A49F-4E5A-4FD6-B1FE-89054104C1A5} = {0168BC34-2712-4C95-9915-5A49D7004539}
		{65CDB49E-73EB-470C-A032-3725D1621D73} = {0168BC34-2712-4C95-9915-5A49D7004539}
		{0168BC34-2712-4C95-9915-5A49D7004539} = {50C31ABF-20B3-402A-931B-D2708B002553}
		{6509B47F-987D-4633-B5DA-8BFD5E753DD6} = {50C31ABF-20B3-402A-931B-D2708B002553}
		{E203BB6E-8273-4B9E-98CF-22AB5B73DCE5} = {580A241E-5CC2-4EE6-BD4A-8153DFD102C6}
		{ECE8AAA4-19BE-4B27-A323-45578E0B7714} = {580A241E-5CC2-4EE6-BD4A-8153DFD102C6}
		{34924AAF-3A98-4DB7-954F-78AA29D2D473} = {65CDB49E-73EB-470C-A032-3725D1621D73}
		{D472524C-05C6-43DB-A4A4-CB83F962A6CF} = {50C31ABF-20B3-402A-931B-D2708B002553}
		{3466E68E-3274-4F9D-BC55-DCE80FBBA054} = {D472524C-05C6-43DB-A4A4-CB83F962A6CF}
		{30A62629-D98A-4C67-A224-3F1A36AE503E} = {D472524C-05C6-43DB-A4A4-CB83F962A6CF}
		{2759F21D-9CF9-4DB3-AE17-8FFFAED9E452} = {B9F66200-B471-4B35-BE94-100026028138}
		{BB1BF315-77BB-491C-A199-73AD15C0AE07} = {00B1EF7D-9580-4D51-A3E2-E56114519B51}
		{E9018650-5365-48F8-A2C7-B85607617A45} = {00B1EF7D-9580-4D51-A3E2-E56114519B51}
		{9074EEAB-FB74-4A47-8B76-34C81BB55A24} = {00B1EF7D-9580-4D51-A3E2-E56114519B51}
		{00B1EF7D-9580-4D51-A3E2-E56114519B51} = {2759F21D-9CF9-4DB3-AE17-8FFFAED9E452}
		{D493168A-9CD1-4A4A-8E51-D204EDAD0CA8} = {2759F21D-9CF9-4DB3-AE17-8FFFAED9E452}
		{B074646B-DEE6-4E98-A852-F27021FE0FA6} = {2759F21D-9CF9-4DB3-AE17-8FFFAED9E452}
		{03C64A99-79AC-4B78-896F-7A8B784A1C03} = {BB1BF315-77BB-491C-A199-73AD15C0AE07}
		{D498C392-A991-46BF-891A-B9B4DAB106AF} = {BB1BF315-77BB-491C-A199-73AD15C0AE07}
		{F75E6CD5-7B1E-4FFA-897C-13A5B745E387} = {9074EEAB-FB74-4A47-8B76-34C81BB55A24}
		{77D71432-E771-40C9-8EBE-9FB8E313A637} = {B074646B-DEE6-4E98-A852-F27021FE0FA6}
		{B99D013E-F741-4DFD-AAE8-6F8AC4413E88} = {B074646B-DEE6-4E98-A852-F27021FE0FA6}
		{2EB65F62-D52E-4AE7-BE01-44FF4E72895A} = {B9F66200-B471-4B35-BE94-100026028138}
		{247D5BF8-42E6-4AB5-BA9C-7FE679A8EE6D} = {2EB65F62-D52E-4AE7-BE01-44FF4E72895A}
		{C0BC7AFE-4FDD-405F-90BB-3EAD6EAC5585} = {2EB65F62-D52E-4AE7-BE01-44FF4E72895A}
		{4A092E02-9E7A-47E5-BFAE-03E8DEE06225} = {2EB65F62-D52E-4AE7-BE01-44FF4E72895A}
		{6FDAC4B0-F432-4B42-86FD-FB40EDED3300} = {247D5BF8-42E6-4AB5-BA9C-7FE679A8EE6D}
		{B2953F67-BFD9-48EE-A8D3-8F8EB1B029DB} = {247D5BF8-42E6-4AB5-BA9C-7FE679A8EE6D}
		{C78E2C24-D05C-47C9-9741-E83D4F69DC80} = {247D5BF8-42E6-4AB5-BA9C-7FE679A8EE6D}
		{7B26E0EE-72B3-4B64-8160-D8B587154F52} = {6FDAC4B0-F432-4B42-86FD-FB40EDED3300}
		{235A9BF9-9199-4A08-A67B-602AAC302C3C} = {6FDAC4B0-F432-4B42-86FD-FB40EDED3300}
		{C2ECA14B-A6E9-41E7-8C34-AD803E46F7E7} = {C78E2C24-D05C-47C9-9741-E83D4F69DC80}
		{A9A85F31-8688-4FC8-9BC2-28B6FE48CE1B} = {4A092E02-9E7A-47E5-BFAE-03E8DEE06225}
		{DBD2D88A-CADF-4FBF-9F78-D69C487500D5} = {4A092E02-9E7A-47E5-BFAE-03E8DEE06225}
	EndGlobalSection
	GlobalSection(ExtensibilityGlobals) = postSolution
		SolutionGuid = {A1D8A799-6830-44E5-8C2F-8F5989F2E060}
	EndGlobalSection
EndGlobal
